
Microsoft Visual Studio Solution File, Format Version 12.00
# Visual Studio Version 17
VisualStudioVersion = 17.9.34616.47
MinimumVisualStudioVersion = 10.0.40219.1
Project("{FAE04EC0-301F-11D3-BF4B-00C04F79EFBC}") = "Laboratorium", "Laboratorium.csproj", "{4BBB0F1F-104A-4B08-8FBF-0CF3601D8639}"
EndProject
Global
	GlobalSection(SolutionConfigurationPlatforms) = preSolution
		Debug|Any CPU = Debug|Any CPU
		Release|Any CPU = Release|Any CPU
	EndGlobalSection
	GlobalSection(ProjectConfigurationPlatforms) = postSolution
		{4BBB0F1F-104A-4B08-8FBF-0CF3601D8639}.Debug|Any CPU.ActiveCfg = Debug|Any CPU
		{4BBB0F1F-104A-4B08-8FBF-0CF3601D8639}.Debug|Any CPU.Build.0 = Debug|Any CPU
		{4BBB0F1F-104A-4B08-8FBF-0CF3601D8639}.Release|Any CPU.ActiveCfg = Release|Any CPU
		{4BBB0F1F-104A-4B08-8FBF-0CF3601D8639}.Release|Any CPU.Build.0 = Release|Any CPU
	EndGlobalSection
	GlobalSection(SolutionProperties) = preSolution
		HideSolutionNode = FALSE
	EndGlobalSection
	GlobalSection(ExtensibilityGlobals) = postSolution
		SolutionGuid = {DE8E1DFD-5FBE-4105-A9AD-81991CCE90A8}
	EndGlobalSection
EndGlobal
